// !$*UTF8*$!
{
	archiveVersion = 1;
	classes = {
	};
	objectVersion = 50;
	objects = {

/* Begin PBXBuildFile section */
		4E56783820D2B4C50075FA9C /* AppDelegate.swift in Sources */ = {isa = PBXBuildFile; fileRef = 4E56783720D2B4C50075FA9C /* AppDelegate.swift */; };
		4E56783A20D2B4C50075FA9C /* ViewController.swift in Sources */ = {isa = PBXBuildFile; fileRef = 4E56783920D2B4C50075FA9C /* ViewController.swift */; };
		4E56783D20D2B4C50075FA9C /* Main.storyboard in Resources */ = {isa = PBXBuildFile; fileRef = 4E56783B20D2B4C50075FA9C /* Main.storyboard */; };
		4E56784020D2B4C50075FA9C /* Aces.xcdatamodeld in Sources */ = {isa = PBXBuildFile; fileRef = 4E56783E20D2B4C50075FA9C /* Aces.xcdatamodeld */; };
		4E56784220D2B4C60075FA9C /* Assets.xcassets in Resources */ = {isa = PBXBuildFile; fileRef = 4E56784120D2B4C60075FA9C /* Assets.xcassets */; };
		4E56784520D2B4C60075FA9C /* LaunchScreen.storyboard in Resources */ = {isa = PBXBuildFile; fileRef = 4E56784320D2B4C60075FA9C /* LaunchScreen.storyboard */; };
		4E56785020D2B4C60075FA9C /* AcesTests.swift in Sources */ = {isa = PBXBuildFile; fileRef = 4E56784F20D2B4C60075FA9C /* AcesTests.swift */; };
		4E56785B20D2B4C60075FA9C /* AcesUITests.swift in Sources */ = {isa = PBXBuildFile; fileRef = 4E56785A20D2B4C60075FA9C /* AcesUITests.swift */; };
		4E56787F20D2E55F0075FA9C /* RideInfo.swift in Sources */ = {isa = PBXBuildFile; fileRef = 4E56787E20D2E55F0075FA9C /* RideInfo.swift */; };
		4E56788120D2EF2E0075FA9C /* MapsView.swift in Sources */ = {isa = PBXBuildFile; fileRef = 4E56788020D2EF2E0075FA9C /* MapsView.swift */; };
		4E56788320D41BCE0075FA9C /* AcesConfiguration.swift in Sources */ = {isa = PBXBuildFile; fileRef = 4E56788220D41BCE0075FA9C /* AcesConfiguration.swift */; };
		4EC759A320DC2BAB0052827D /* LocationDatabase.swift in Sources */ = {isa = PBXBuildFile; fileRef = 4EC759A220DC2BAB0052827D /* LocationDatabase.swift */; };
		4ECDED7E20D5CE920091ECC9 /* AboutView.swift in Sources */ = {isa = PBXBuildFile; fileRef = 4ECDED7D20D5CE920091ECC9 /* AboutView.swift */; };
		4ED0A9BB20D4B54E00C17E69 /* RequestedRideView.swift in Sources */ = {isa = PBXBuildFile; fileRef = 4ED0A9BA20D4B54E00C17E69 /* RequestedRideView.swift */; };
		4ED0A9C120D57C0A00C17E69 /* GoogleService-Info.plist in Resources */ = {isa = PBXBuildFile; fileRef = 4ED0A9C020D57C0A00C17E69 /* GoogleService-Info.plist */; };
		4ED0A9C320D57CAF00C17E69 /* Images in Resources */ = {isa = PBXBuildFile; fileRef = 4ED0A9C220D57CAF00C17E69 /* Images */; };
		5DD0C966FFC29AD176513704 /* Pods_AcesTests.framework in Frameworks */ = {isa = PBXBuildFile; fileRef = 5E8888B00E63606125EC88D7 /* Pods_AcesTests.framework */; };
		C90A0337A80EEF44436F5045 /* Pods_Aces.framework in Frameworks */ = {isa = PBXBuildFile; fileRef = D39A9286FF91058CA29C96BF /* Pods_Aces.framework */; };
		F3D1EDB4063B1A0A9D8AA1D2 /* Pods_AcesUITests.framework in Frameworks */ = {isa = PBXBuildFile; fileRef = CFA3A541D0B803F002575A9E /* Pods_AcesUITests.framework */; };
/* End PBXBuildFile section */

/* Begin PBXContainerItemProxy section */
		4E56784C20D2B4C60075FA9C /* PBXContainerItemProxy */ = {
			isa = PBXContainerItemProxy;
			containerPortal = 4E56782C20D2B4C50075FA9C /* Project object */;
			proxyType = 1;
			remoteGlobalIDString = 4E56783320D2B4C50075FA9C;
			remoteInfo = Aces;
		};
		4E56785720D2B4C60075FA9C /* PBXContainerItemProxy */ = {
			isa = PBXContainerItemProxy;
			containerPortal = 4E56782C20D2B4C50075FA9C /* Project object */;
			proxyType = 1;
			remoteGlobalIDString = 4E56783320D2B4C50075FA9C;
			remoteInfo = Aces;
		};
/* End PBXContainerItemProxy section */

/* Begin PBXFileReference section */
		4E56783420D2B4C50075FA9C /* Aces.app */ = {isa = PBXFileReference; explicitFileType = wrapper.application; includeInIndex = 0; path = Aces.app; sourceTree = BUILT_PRODUCTS_DIR; };
		4E56783720D2B4C50075FA9C /* AppDelegate.swift */ = {isa = PBXFileReference; lastKnownFileType = sourcecode.swift; path = AppDelegate.swift; sourceTree = "<group>"; };
		4E56783920D2B4C50075FA9C /* ViewController.swift */ = {isa = PBXFileReference; lastKnownFileType = sourcecode.swift; path = ViewController.swift; sourceTree = "<group>"; };
		4E56783C20D2B4C50075FA9C /* Base */ = {isa = PBXFileReference; lastKnownFileType = file.storyboard; name = Base; path = Base.lproj/Main.storyboard; sourceTree = "<group>"; };
		4E56783F20D2B4C50075FA9C /* Aces.xcdatamodel */ = {isa = PBXFileReference; lastKnownFileType = wrapper.xcdatamodel; path = Aces.xcdatamodel; sourceTree = "<group>"; };
		4E56784120D2B4C60075FA9C /* Assets.xcassets */ = {isa = PBXFileReference; lastKnownFileType = folder.assetcatalog; path = Assets.xcassets; sourceTree = "<group>"; };
		4E56784420D2B4C60075FA9C /* Base */ = {isa = PBXFileReference; lastKnownFileType = file.storyboard; name = Base; path = Base.lproj/LaunchScreen.storyboard; sourceTree = "<group>"; };
		4E56784620D2B4C60075FA9C /* Info.plist */ = {isa = PBXFileReference; lastKnownFileType = text.plist.xml; path = Info.plist; sourceTree = "<group>"; };
		4E56784B20D2B4C60075FA9C /* AcesTests.xctest */ = {isa = PBXFileReference; explicitFileType = wrapper.cfbundle; includeInIndex = 0; path = AcesTests.xctest; sourceTree = BUILT_PRODUCTS_DIR; };
		4E56784F20D2B4C60075FA9C /* AcesTests.swift */ = {isa = PBXFileReference; lastKnownFileType = sourcecode.swift; path = AcesTests.swift; sourceTree = "<group>"; };
		4E56785120D2B4C60075FA9C /* Info.plist */ = {isa = PBXFileReference; lastKnownFileType = text.plist.xml; path = Info.plist; sourceTree = "<group>"; };
		4E56785620D2B4C60075FA9C /* AcesUITests.xctest */ = {isa = PBXFileReference; explicitFileType = wrapper.cfbundle; includeInIndex = 0; path = AcesUITests.xctest; sourceTree = BUILT_PRODUCTS_DIR; };
		4E56785A20D2B4C60075FA9C /* AcesUITests.swift */ = {isa = PBXFileReference; lastKnownFileType = sourcecode.swift; path = AcesUITests.swift; sourceTree = "<group>"; };
		4E56785C20D2B4C60075FA9C /* Info.plist */ = {isa = PBXFileReference; lastKnownFileType = text.plist.xml; path = Info.plist; sourceTree = "<group>"; };
		4E56787E20D2E55F0075FA9C /* RideInfo.swift */ = {isa = PBXFileReference; lastKnownFileType = sourcecode.swift; path = RideInfo.swift; sourceTree = "<group>"; };
		4E56788020D2EF2E0075FA9C /* MapsView.swift */ = {isa = PBXFileReference; lastKnownFileType = sourcecode.swift; path = MapsView.swift; sourceTree = "<group>"; };
		4E56788220D41BCE0075FA9C /* AcesConfiguration.swift */ = {isa = PBXFileReference; lastKnownFileType = sourcecode.swift; path = AcesConfiguration.swift; sourceTree = "<group>"; };
		4E6949CA2108DFAA006BC4D5 /* Aces.entitlements */ = {isa = PBXFileReference; lastKnownFileType = text.plist.entitlements; path = Aces.entitlements; sourceTree = "<group>"; };
		4EC759A220DC2BAB0052827D /* LocationDatabase.swift */ = {isa = PBXFileReference; lastKnownFileType = sourcecode.swift; path = LocationDatabase.swift; sourceTree = "<group>"; };
		4ECDED7D20D5CE920091ECC9 /* AboutView.swift */ = {isa = PBXFileReference; lastKnownFileType = sourcecode.swift; path = AboutView.swift; sourceTree = "<group>"; };
		4ED0A9BA20D4B54E00C17E69 /* RequestedRideView.swift */ = {isa = PBXFileReference; lastKnownFileType = sourcecode.swift; path = RequestedRideView.swift; sourceTree = "<group>"; };
		4ED0A9C020D57C0A00C17E69 /* GoogleService-Info.plist */ = {isa = PBXFileReference; fileEncoding = 4; lastKnownFileType = text.plist.xml; path = "GoogleService-Info.plist"; sourceTree = "<group>"; };
		4ED0A9C220D57CAF00C17E69 /* Images */ = {isa = PBXFileReference; lastKnownFileType = folder; path = Images; sourceTree = "<group>"; };
		5E8888B00E63606125EC88D7 /* Pods_AcesTests.framework */ = {isa = PBXFileReference; explicitFileType = wrapper.framework; includeInIndex = 0; path = Pods_AcesTests.framework; sourceTree = BUILT_PRODUCTS_DIR; };
		666AD8520D3169C72A28EF09 /* Pods-Aces.debug.xcconfig */ = {isa = PBXFileReference; includeInIndex = 1; lastKnownFileType = text.xcconfig; name = "Pods-Aces.debug.xcconfig"; path = "Pods/Target Support Files/Pods-Aces/Pods-Aces.debug.xcconfig"; sourceTree = "<group>"; };
		6D4E060E3CFD0C928E1CD8D8 /* Pods-AcesUITests.release.xcconfig */ = {isa = PBXFileReference; includeInIndex = 1; lastKnownFileType = text.xcconfig; name = "Pods-AcesUITests.release.xcconfig"; path = "Pods/Target Support Files/Pods-AcesUITests/Pods-AcesUITests.release.xcconfig"; sourceTree = "<group>"; };
		7703525BEC911AD2262AA9F7 /* Pods-AcesTests.release.xcconfig */ = {isa = PBXFileReference; includeInIndex = 1; lastKnownFileType = text.xcconfig; name = "Pods-AcesTests.release.xcconfig"; path = "Pods/Target Support Files/Pods-AcesTests/Pods-AcesTests.release.xcconfig"; sourceTree = "<group>"; };
		C39DEC1BEC764977A6DE4E86 /* Pods-AcesUITests.debug.xcconfig */ = {isa = PBXFileReference; includeInIndex = 1; lastKnownFileType = text.xcconfig; name = "Pods-AcesUITests.debug.xcconfig"; path = "Pods/Target Support Files/Pods-AcesUITests/Pods-AcesUITests.debug.xcconfig"; sourceTree = "<group>"; };
		C48C914F5C19D7FED4889FAA /* Pods-AcesTests.debug.xcconfig */ = {isa = PBXFileReference; includeInIndex = 1; lastKnownFileType = text.xcconfig; name = "Pods-AcesTests.debug.xcconfig"; path = "Pods/Target Support Files/Pods-AcesTests/Pods-AcesTests.debug.xcconfig"; sourceTree = "<group>"; };
		CFA3A541D0B803F002575A9E /* Pods_AcesUITests.framework */ = {isa = PBXFileReference; explicitFileType = wrapper.framework; includeInIndex = 0; path = Pods_AcesUITests.framework; sourceTree = BUILT_PRODUCTS_DIR; };
		D39A9286FF91058CA29C96BF /* Pods_Aces.framework */ = {isa = PBXFileReference; explicitFileType = wrapper.framework; includeInIndex = 0; path = Pods_Aces.framework; sourceTree = BUILT_PRODUCTS_DIR; };
		DD85A79AC007CB933B13BFB7 /* Pods-Aces.release.xcconfig */ = {isa = PBXFileReference; includeInIndex = 1; lastKnownFileType = text.xcconfig; name = "Pods-Aces.release.xcconfig"; path = "Pods/Target Support Files/Pods-Aces/Pods-Aces.release.xcconfig"; sourceTree = "<group>"; };
/* End PBXFileReference section */

/* Begin PBXFrameworksBuildPhase section */
		4E56783120D2B4C50075FA9C /* Frameworks */ = {
			isa = PBXFrameworksBuildPhase;
			buildActionMask = 2147483647;
			files = (
				C90A0337A80EEF44436F5045 /* Pods_Aces.framework in Frameworks */,
			);
			runOnlyForDeploymentPostprocessing = 0;
		};
		4E56784820D2B4C60075FA9C /* Frameworks */ = {
			isa = PBXFrameworksBuildPhase;
			buildActionMask = 2147483647;
			files = (
				5DD0C966FFC29AD176513704 /* Pods_AcesTests.framework in Frameworks */,
			);
			runOnlyForDeploymentPostprocessing = 0;
		};
		4E56785320D2B4C60075FA9C /* Frameworks */ = {
			isa = PBXFrameworksBuildPhase;
			buildActionMask = 2147483647;
			files = (
				F3D1EDB4063B1A0A9D8AA1D2 /* Pods_AcesUITests.framework in Frameworks */,
			);
			runOnlyForDeploymentPostprocessing = 0;
		};
/* End PBXFrameworksBuildPhase section */

/* Begin PBXGroup section */
		4E56782B20D2B4C50075FA9C = {
			isa = PBXGroup;
			children = (
				4ED0A9C220D57CAF00C17E69 /* Images */,
				4E56783620D2B4C50075FA9C /* Aces */,
				4E56784E20D2B4C60075FA9C /* AcesTests */,
				4E56785920D2B4C60075FA9C /* AcesUITests */,
				4E56783520D2B4C50075FA9C /* Products */,
				F0FB89B9232C2DF36BF9AEF8 /* Pods */,
				C3AF3052C42207B19C22EDCE /* Frameworks */,
			);
			sourceTree = "<group>";
		};
		4E56783520D2B4C50075FA9C /* Products */ = {
			isa = PBXGroup;
			children = (
				4E56783420D2B4C50075FA9C /* Aces.app */,
				4E56784B20D2B4C60075FA9C /* AcesTests.xctest */,
				4E56785620D2B4C60075FA9C /* AcesUITests.xctest */,
			);
			name = Products;
			sourceTree = "<group>";
		};
		4E56783620D2B4C50075FA9C /* Aces */ = {
			isa = PBXGroup;
			children = (
				4E6949CA2108DFAA006BC4D5 /* Aces.entitlements */,
				4ED0A9C020D57C0A00C17E69 /* GoogleService-Info.plist */,
				4E56783720D2B4C50075FA9C /* AppDelegate.swift */,
				4E56783920D2B4C50075FA9C /* ViewController.swift */,
				4ECDED7D20D5CE920091ECC9 /* AboutView.swift */,
				4E56788020D2EF2E0075FA9C /* MapsView.swift */,
				4ED0A9BA20D4B54E00C17E69 /* RequestedRideView.swift */,
				4E56787E20D2E55F0075FA9C /* RideInfo.swift */,
				4E56788220D41BCE0075FA9C /* AcesConfiguration.swift */,
				4EC759A220DC2BAB0052827D /* LocationDatabase.swift */,
				4E56783B20D2B4C50075FA9C /* Main.storyboard */,
				4E56784120D2B4C60075FA9C /* Assets.xcassets */,
				4E56784320D2B4C60075FA9C /* LaunchScreen.storyboard */,
				4E56784620D2B4C60075FA9C /* Info.plist */,
				4E56783E20D2B4C50075FA9C /* Aces.xcdatamodeld */,
			);
			path = Aces;
			sourceTree = "<group>";
		};
		4E56784E20D2B4C60075FA9C /* AcesTests */ = {
			isa = PBXGroup;
			children = (
				4E56784F20D2B4C60075FA9C /* AcesTests.swift */,
				4E56785120D2B4C60075FA9C /* Info.plist */,
			);
			path = AcesTests;
			sourceTree = "<group>";
		};
		4E56785920D2B4C60075FA9C /* AcesUITests */ = {
			isa = PBXGroup;
			children = (
				4E56785A20D2B4C60075FA9C /* AcesUITests.swift */,
				4E56785C20D2B4C60075FA9C /* Info.plist */,
			);
			path = AcesUITests;
			sourceTree = "<group>";
		};
		C3AF3052C42207B19C22EDCE /* Frameworks */ = {
			isa = PBXGroup;
			children = (
				D39A9286FF91058CA29C96BF /* Pods_Aces.framework */,
				5E8888B00E63606125EC88D7 /* Pods_AcesTests.framework */,
				CFA3A541D0B803F002575A9E /* Pods_AcesUITests.framework */,
			);
			name = Frameworks;
			sourceTree = "<group>";
		};
		F0FB89B9232C2DF36BF9AEF8 /* Pods */ = {
			isa = PBXGroup;
			children = (
				666AD8520D3169C72A28EF09 /* Pods-Aces.debug.xcconfig */,
				DD85A79AC007CB933B13BFB7 /* Pods-Aces.release.xcconfig */,
				C48C914F5C19D7FED4889FAA /* Pods-AcesTests.debug.xcconfig */,
				7703525BEC911AD2262AA9F7 /* Pods-AcesTests.release.xcconfig */,
				C39DEC1BEC764977A6DE4E86 /* Pods-AcesUITests.debug.xcconfig */,
				6D4E060E3CFD0C928E1CD8D8 /* Pods-AcesUITests.release.xcconfig */,
			);
			name = Pods;
			sourceTree = "<group>";
		};
/* End PBXGroup section */

/* Begin PBXNativeTarget section */
		4E56783320D2B4C50075FA9C /* Aces */ = {
			isa = PBXNativeTarget;
			buildConfigurationList = 4E56785F20D2B4C60075FA9C /* Build configuration list for PBXNativeTarget "Aces" */;
			buildPhases = (
				6816EAD6564C4C08648940C9 /* [CP] Check Pods Manifest.lock */,
				4E56783020D2B4C50075FA9C /* Sources */,
				4E56783120D2B4C50075FA9C /* Frameworks */,
				4E56783220D2B4C50075FA9C /* Resources */,
				C78394ACF8754CA12398F048 /* [CP] Embed Pods Frameworks */,
				2B0C26C9A6D974BF139230F0 /* [CP] Copy Pods Resources */,
			);
			buildRules = (
			);
			dependencies = (
			);
			name = Aces;
			productName = Aces;
			productReference = 4E56783420D2B4C50075FA9C /* Aces.app */;
			productType = "com.apple.product-type.application";
		};
		4E56784A20D2B4C60075FA9C /* AcesTests */ = {
			isa = PBXNativeTarget;
			buildConfigurationList = 4E56786220D2B4C60075FA9C /* Build configuration list for PBXNativeTarget "AcesTests" */;
			buildPhases = (
				48F5D3F77A04589483D3D911 /* [CP] Check Pods Manifest.lock */,
				4E56784720D2B4C60075FA9C /* Sources */,
				4E56784820D2B4C60075FA9C /* Frameworks */,
				4E56784920D2B4C60075FA9C /* Resources */,
			);
			buildRules = (
			);
			dependencies = (
				4E56784D20D2B4C60075FA9C /* PBXTargetDependency */,
			);
			name = AcesTests;
			productName = AcesTests;
			productReference = 4E56784B20D2B4C60075FA9C /* AcesTests.xctest */;
			productType = "com.apple.product-type.bundle.unit-test";
		};
		4E56785520D2B4C60075FA9C /* AcesUITests */ = {
			isa = PBXNativeTarget;
			buildConfigurationList = 4E56786520D2B4C60075FA9C /* Build configuration list for PBXNativeTarget "AcesUITests" */;
			buildPhases = (
				C079755455F3489444331C31 /* [CP] Check Pods Manifest.lock */,
				4E56785220D2B4C60075FA9C /* Sources */,
				4E56785320D2B4C60075FA9C /* Frameworks */,
				4E56785420D2B4C60075FA9C /* Resources */,
			);
			buildRules = (
			);
			dependencies = (
				4E56785820D2B4C60075FA9C /* PBXTargetDependency */,
			);
			name = AcesUITests;
			productName = AcesUITests;
			productReference = 4E56785620D2B4C60075FA9C /* AcesUITests.xctest */;
			productType = "com.apple.product-type.bundle.ui-testing";
		};
/* End PBXNativeTarget section */

/* Begin PBXProject section */
		4E56782C20D2B4C50075FA9C /* Project object */ = {
			isa = PBXProject;
			attributes = {
				LastSwiftUpdateCheck = 0940;
				LastUpgradeCheck = 0940;
				ORGANIZATIONNAME = "checkout-7";
				TargetAttributes = {
					4E56783320D2B4C50075FA9C = {
						CreatedOnToolsVersion = 9.4.1;
						SystemCapabilities = {
							com.apple.Push = {
								enabled = 1;
							};
						};
					};
					4E56784A20D2B4C60075FA9C = {
						CreatedOnToolsVersion = 9.4.1;
						TestTargetID = 4E56783320D2B4C50075FA9C;
					};
					4E56785520D2B4C60075FA9C = {
						CreatedOnToolsVersion = 9.4.1;
						TestTargetID = 4E56783320D2B4C50075FA9C;
					};
				};
			};
			buildConfigurationList = 4E56782F20D2B4C50075FA9C /* Build configuration list for PBXProject "Aces" */;
			compatibilityVersion = "Xcode 9.3";
			developmentRegion = en;
			hasScannedForEncodings = 0;
			knownRegions = (
				en,
				Base,
			);
			mainGroup = 4E56782B20D2B4C50075FA9C;
			productRefGroup = 4E56783520D2B4C50075FA9C /* Products */;
			projectDirPath = "";
			projectRoot = "";
			targets = (
				4E56783320D2B4C50075FA9C /* Aces */,
				4E56784A20D2B4C60075FA9C /* AcesTests */,
				4E56785520D2B4C60075FA9C /* AcesUITests */,
			);
		};
/* End PBXProject section */

/* Begin PBXResourcesBuildPhase section */
		4E56783220D2B4C50075FA9C /* Resources */ = {
			isa = PBXResourcesBuildPhase;
			buildActionMask = 2147483647;
			files = (
				4ED0A9C320D57CAF00C17E69 /* Images in Resources */,
				4E56784520D2B4C60075FA9C /* LaunchScreen.storyboard in Resources */,
				4ED0A9C120D57C0A00C17E69 /* GoogleService-Info.plist in Resources */,
				4E56784220D2B4C60075FA9C /* Assets.xcassets in Resources */,
				4E56783D20D2B4C50075FA9C /* Main.storyboard in Resources */,
			);
			runOnlyForDeploymentPostprocessing = 0;
		};
		4E56784920D2B4C60075FA9C /* Resources */ = {
			isa = PBXResourcesBuildPhase;
			buildActionMask = 2147483647;
			files = (
			);
			runOnlyForDeploymentPostprocessing = 0;
		};
		4E56785420D2B4C60075FA9C /* Resources */ = {
			isa = PBXResourcesBuildPhase;
			buildActionMask = 2147483647;
			files = (
			);
			runOnlyForDeploymentPostprocessing = 0;
		};
/* End PBXResourcesBuildPhase section */

/* Begin PBXShellScriptBuildPhase section */
		2B0C26C9A6D974BF139230F0 /* [CP] Copy Pods Resources */ = {
			isa = PBXShellScriptBuildPhase;
			buildActionMask = 2147483647;
			files = (
			);
			inputPaths = (
				"${SRCROOT}/Pods/Target Support Files/Pods-Aces/Pods-Aces-resources.sh",
				"${PODS_ROOT}/GoogleMaps/Maps/Frameworks/GoogleMaps.framework/Resources/GoogleMaps.bundle",
				"${PODS_ROOT}/GooglePlaces/Frameworks/GooglePlaces.framework/Resources/GooglePlaces.bundle",
				"${PODS_ROOT}/GoogleSignIn/Resources/GoogleSignIn.bundle",
			);
			name = "[CP] Copy Pods Resources";
			outputPaths = (
				"${TARGET_BUILD_DIR}/${UNLOCALIZED_RESOURCES_FOLDER_PATH}/GoogleMaps.bundle",
				"${TARGET_BUILD_DIR}/${UNLOCALIZED_RESOURCES_FOLDER_PATH}/GooglePlaces.bundle",
				"${TARGET_BUILD_DIR}/${UNLOCALIZED_RESOURCES_FOLDER_PATH}/GoogleSignIn.bundle",
			);
			runOnlyForDeploymentPostprocessing = 0;
			shellPath = /bin/sh;
			shellScript = "\"${SRCROOT}/Pods/Target Support Files/Pods-Aces/Pods-Aces-resources.sh\"\n";
			showEnvVarsInLog = 0;
		};
		48F5D3F77A04589483D3D911 /* [CP] Check Pods Manifest.lock */ = {
			isa = PBXShellScriptBuildPhase;
			buildActionMask = 2147483647;
			files = (
			);
			inputPaths = (
				"${PODS_PODFILE_DIR_PATH}/Podfile.lock",
				"${PODS_ROOT}/Manifest.lock",
			);
			name = "[CP] Check Pods Manifest.lock";
			outputPaths = (
				"$(DERIVED_FILE_DIR)/Pods-AcesTests-checkManifestLockResult.txt",
			);
			runOnlyForDeploymentPostprocessing = 0;
			shellPath = /bin/sh;
			shellScript = "diff \"${PODS_PODFILE_DIR_PATH}/Podfile.lock\" \"${PODS_ROOT}/Manifest.lock\" > /dev/null\nif [ $? != 0 ] ; then\n    # print error to STDERR\n    echo \"error: The sandbox is not in sync with the Podfile.lock. Run 'pod install' or update your CocoaPods installation.\" >&2\n    exit 1\nfi\n# This output is used by Xcode 'outputs' to avoid re-running this script phase.\necho \"SUCCESS\" > \"${SCRIPT_OUTPUT_FILE_0}\"\n";
			showEnvVarsInLog = 0;
		};
		6816EAD6564C4C08648940C9 /* [CP] Check Pods Manifest.lock */ = {
			isa = PBXShellScriptBuildPhase;
			buildActionMask = 2147483647;
			files = (
			);
			inputPaths = (
				"${PODS_PODFILE_DIR_PATH}/Podfile.lock",
				"${PODS_ROOT}/Manifest.lock",
			);
			name = "[CP] Check Pods Manifest.lock";
			outputPaths = (
				"$(DERIVED_FILE_DIR)/Pods-Aces-checkManifestLockResult.txt",
			);
			runOnlyForDeploymentPostprocessing = 0;
			shellPath = /bin/sh;
			shellScript = "diff \"${PODS_PODFILE_DIR_PATH}/Podfile.lock\" \"${PODS_ROOT}/Manifest.lock\" > /dev/null\nif [ $? != 0 ] ; then\n    # print error to STDERR\n    echo \"error: The sandbox is not in sync with the Podfile.lock. Run 'pod install' or update your CocoaPods installation.\" >&2\n    exit 1\nfi\n# This output is used by Xcode 'outputs' to avoid re-running this script phase.\necho \"SUCCESS\" > \"${SCRIPT_OUTPUT_FILE_0}\"\n";
			showEnvVarsInLog = 0;
		};
		C079755455F3489444331C31 /* [CP] Check Pods Manifest.lock */ = {
			isa = PBXShellScriptBuildPhase;
			buildActionMask = 2147483647;
			files = (
			);
			inputPaths = (
				"${PODS_PODFILE_DIR_PATH}/Podfile.lock",
				"${PODS_ROOT}/Manifest.lock",
			);
			name = "[CP] Check Pods Manifest.lock";
			outputPaths = (
				"$(DERIVED_FILE_DIR)/Pods-AcesUITests-checkManifestLockResult.txt",
			);
			runOnlyForDeploymentPostprocessing = 0;
			shellPath = /bin/sh;
			shellScript = "diff \"${PODS_PODFILE_DIR_PATH}/Podfile.lock\" \"${PODS_ROOT}/Manifest.lock\" > /dev/null\nif [ $? != 0 ] ; then\n    # print error to STDERR\n    echo \"error: The sandbox is not in sync with the Podfile.lock. Run 'pod install' or update your CocoaPods installation.\" >&2\n    exit 1\nfi\n# This output is used by Xcode 'outputs' to avoid re-running this script phase.\necho \"SUCCESS\" > \"${SCRIPT_OUTPUT_FILE_0}\"\n";
			showEnvVarsInLog = 0;
		};
		C78394ACF8754CA12398F048 /* [CP] Embed Pods Frameworks */ = {
			isa = PBXShellScriptBuildPhase;
			buildActionMask = 2147483647;
			files = (
			);
			inputPaths = (
				"${SRCROOT}/Pods/Target Support Files/Pods-Aces/Pods-Aces-frameworks.sh",
				"${BUILT_PRODUCTS_DIR}/GTMOAuth2/GTMOAuth2.framework",
				"${BUILT_PRODUCTS_DIR}/GTMSessionFetcher/GTMSessionFetcher.framework",
				"${BUILT_PRODUCTS_DIR}/GoogleToolboxForMac/GoogleToolboxForMac.framework",
				"${BUILT_PRODUCTS_DIR}/Protobuf/Protobuf.framework",
				"${BUILT_PRODUCTS_DIR}/SearchTextField/SearchTextField.framework",
				"${BUILT_PRODUCTS_DIR}/Toast-Swift/Toast_Swift.framework",
				"${BUILT_PRODUCTS_DIR}/leveldb-library/leveldb.framework",
				"${BUILT_PRODUCTS_DIR}/nanopb/nanopb.framework",
			);
			name = "[CP] Embed Pods Frameworks";
			outputPaths = (
				"${TARGET_BUILD_DIR}/${FRAMEWORKS_FOLDER_PATH}/GTMOAuth2.framework",
				"${TARGET_BUILD_DIR}/${FRAMEWORKS_FOLDER_PATH}/GTMSessionFetcher.framework",
				"${TARGET_BUILD_DIR}/${FRAMEWORKS_FOLDER_PATH}/GoogleToolboxForMac.framework",
				"${TARGET_BUILD_DIR}/${FRAMEWORKS_FOLDER_PATH}/Protobuf.framework",
				"${TARGET_BUILD_DIR}/${FRAMEWORKS_FOLDER_PATH}/SearchTextField.framework",
				"${TARGET_BUILD_DIR}/${FRAMEWORKS_FOLDER_PATH}/Toast_Swift.framework",
				"${TARGET_BUILD_DIR}/${FRAMEWORKS_FOLDER_PATH}/leveldb.framework",
				"${TARGET_BUILD_DIR}/${FRAMEWORKS_FOLDER_PATH}/nanopb.framework",
			);
			runOnlyForDeploymentPostprocessing = 0;
			shellPath = /bin/sh;
			shellScript = "\"${SRCROOT}/Pods/Target Support Files/Pods-Aces/Pods-Aces-frameworks.sh\"\n";
			showEnvVarsInLog = 0;
		};
/* End PBXShellScriptBuildPhase section */

/* Begin PBXSourcesBuildPhase section */
		4E56783020D2B4C50075FA9C /* Sources */ = {
			isa = PBXSourcesBuildPhase;
			buildActionMask = 2147483647;
			files = (
				4ECDED7E20D5CE920091ECC9 /* AboutView.swift in Sources */,
				4E56788120D2EF2E0075FA9C /* MapsView.swift in Sources */,
				4E56788320D41BCE0075FA9C /* AcesConfiguration.swift in Sources */,
				4E56783A20D2B4C50075FA9C /* ViewController.swift in Sources */,
				4E56787F20D2E55F0075FA9C /* RideInfo.swift in Sources */,
				4E56783820D2B4C50075FA9C /* AppDelegate.swift in Sources */,
				4ED0A9BB20D4B54E00C17E69 /* RequestedRideView.swift in Sources */,
				4EC759A320DC2BAB0052827D /* LocationDatabase.swift in Sources */,
				4E56784020D2B4C50075FA9C /* Aces.xcdatamodeld in Sources */,
			);
			runOnlyForDeploymentPostprocessing = 0;
		};
		4E56784720D2B4C60075FA9C /* Sources */ = {
			isa = PBXSourcesBuildPhase;
			buildActionMask = 2147483647;
			files = (
				4E56785020D2B4C60075FA9C /* AcesTests.swift in Sources */,
			);
			runOnlyForDeploymentPostprocessing = 0;
		};
		4E56785220D2B4C60075FA9C /* Sources */ = {
			isa = PBXSourcesBuildPhase;
			buildActionMask = 2147483647;
			files = (
				4E56785B20D2B4C60075FA9C /* AcesUITests.swift in Sources */,
			);
			runOnlyForDeploymentPostprocessing = 0;
		};
/* End PBXSourcesBuildPhase section */

/* Begin PBXTargetDependency section */
		4E56784D20D2B4C60075FA9C /* PBXTargetDependency */ = {
			isa = PBXTargetDependency;
			target = 4E56783320D2B4C50075FA9C /* Aces */;
			targetProxy = 4E56784C20D2B4C60075FA9C /* PBXContainerItemProxy */;
		};
		4E56785820D2B4C60075FA9C /* PBXTargetDependency */ = {
			isa = PBXTargetDependency;
			target = 4E56783320D2B4C50075FA9C /* Aces */;
			targetProxy = 4E56785720D2B4C60075FA9C /* PBXContainerItemProxy */;
		};
/* End PBXTargetDependency section */

/* Begin PBXVariantGroup section */
		4E56783B20D2B4C50075FA9C /* Main.storyboard */ = {
			isa = PBXVariantGroup;
			children = (
				4E56783C20D2B4C50075FA9C /* Base */,
			);
			name = Main.storyboard;
			sourceTree = "<group>";
		};
		4E56784320D2B4C60075FA9C /* LaunchScreen.storyboard */ = {
			isa = PBXVariantGroup;
			children = (
				4E56784420D2B4C60075FA9C /* Base */,
			);
			name = LaunchScreen.storyboard;
			sourceTree = "<group>";
		};
/* End PBXVariantGroup section */

/* Begin XCBuildConfiguration section */
		4E56785D20D2B4C60075FA9C /* Debug */ = {
			isa = XCBuildConfiguration;
			buildSettings = {
				ALWAYS_SEARCH_USER_PATHS = NO;
				CLANG_ANALYZER_NONNULL = YES;
				CLANG_ANALYZER_NUMBER_OBJECT_CONVERSION = YES_AGGRESSIVE;
				CLANG_CXX_LANGUAGE_STANDARD = "gnu++14";
				CLANG_CXX_LIBRARY = "libc++";
				CLANG_ENABLE_MODULES = YES;
				CLANG_ENABLE_OBJC_ARC = YES;
				CLANG_ENABLE_OBJC_WEAK = YES;
				CLANG_WARN_BLOCK_CAPTURE_AUTORELEASING = YES;
				CLANG_WARN_BOOL_CONVERSION = YES;
				CLANG_WARN_COMMA = YES;
				CLANG_WARN_CONSTANT_CONVERSION = YES;
				CLANG_WARN_DEPRECATED_OBJC_IMPLEMENTATIONS = YES;
				CLANG_WARN_DIRECT_OBJC_ISA_USAGE = YES_ERROR;
				CLANG_WARN_DOCUMENTATION_COMMENTS = YES;
				CLANG_WARN_EMPTY_BODY = YES;
				CLANG_WARN_ENUM_CONVERSION = YES;
				CLANG_WARN_INFINITE_RECURSION = YES;
				CLANG_WARN_INT_CONVERSION = YES;
				CLANG_WARN_NON_LITERAL_NULL_CONVERSION = YES;
				CLANG_WARN_OBJC_IMPLICIT_RETAIN_SELF = YES;
				CLANG_WARN_OBJC_LITERAL_CONVERSION = YES;
				CLANG_WARN_OBJC_ROOT_CLASS = YES_ERROR;
				CLANG_WARN_RANGE_LOOP_ANALYSIS = YES;
				CLANG_WARN_STRICT_PROTOTYPES = YES;
				CLANG_WARN_SUSPICIOUS_MOVE = YES;
				CLANG_WARN_UNGUARDED_AVAILABILITY = YES_AGGRESSIVE;
				CLANG_WARN_UNREACHABLE_CODE = YES;
				CLANG_WARN__DUPLICATE_METHOD_MATCH = YES;
				CODE_SIGN_IDENTITY = "iPhone Developer";
				COPY_PHASE_STRIP = NO;
				DEBUG_INFORMATION_FORMAT = dwarf;
				ENABLE_STRICT_OBJC_MSGSEND = YES;
				ENABLE_TESTABILITY = YES;
				GCC_C_LANGUAGE_STANDARD = gnu11;
				GCC_DYNAMIC_NO_PIC = NO;
				GCC_NO_COMMON_BLOCKS = YES;
				GCC_OPTIMIZATION_LEVEL = 0;
				GCC_PREPROCESSOR_DEFINITIONS = (
					"DEBUG=1",
					"$(inherited)",
				);
				GCC_WARN_64_TO_32_BIT_CONVERSION = YES;
				GCC_WARN_ABOUT_RETURN_TYPE = YES_ERROR;
				GCC_WARN_UNDECLARED_SELECTOR = YES;
				GCC_WARN_UNINITIALIZED_AUTOS = YES_AGGRESSIVE;
				GCC_WARN_UNUSED_FUNCTION = YES;
				GCC_WARN_UNUSED_VARIABLE = YES;
				IPHONEOS_DEPLOYMENT_TARGET = 11.4;
				MTL_ENABLE_DEBUG_INFO = YES;
				ONLY_ACTIVE_ARCH = YES;
				SDKROOT = iphoneos;
				SWIFT_ACTIVE_COMPILATION_CONDITIONS = DEBUG;
				SWIFT_OPTIMIZATION_LEVEL = "-Onone";
			};
			name = Debug;
		};
		4E56785E20D2B4C60075FA9C /* Release */ = {
			isa = XCBuildConfiguration;
			buildSettings = {
				ALWAYS_SEARCH_USER_PATHS = NO;
				CLANG_ANALYZER_NONNULL = YES;
				CLANG_ANALYZER_NUMBER_OBJECT_CONVERSION = YES_AGGRESSIVE;
				CLANG_CXX_LANGUAGE_STANDARD = "gnu++14";
				CLANG_CXX_LIBRARY = "libc++";
				CLANG_ENABLE_MODULES = YES;
				CLANG_ENABLE_OBJC_ARC = YES;
				CLANG_ENABLE_OBJC_WEAK = YES;
				CLANG_WARN_BLOCK_CAPTURE_AUTORELEASING = YES;
				CLANG_WARN_BOOL_CONVERSION = YES;
				CLANG_WARN_COMMA = YES;
				CLANG_WARN_CONSTANT_CONVERSION = YES;
				CLANG_WARN_DEPRECATED_OBJC_IMPLEMENTATIONS = YES;
				CLANG_WARN_DIRECT_OBJC_ISA_USAGE = YES_ERROR;
				CLANG_WARN_DOCUMENTATION_COMMENTS = YES;
				CLANG_WARN_EMPTY_BODY = YES;
				CLANG_WARN_ENUM_CONVERSION = YES;
				CLANG_WARN_INFINITE_RECURSION = YES;
				CLANG_WARN_INT_CONVERSION = YES;
				CLANG_WARN_NON_LITERAL_NULL_CONVERSION = YES;
				CLANG_WARN_OBJC_IMPLICIT_RETAIN_SELF = YES;
				CLANG_WARN_OBJC_LITERAL_CONVERSION = YES;
				CLANG_WARN_OBJC_ROOT_CLASS = YES_ERROR;
				CLANG_WARN_RANGE_LOOP_ANALYSIS = YES;
				CLANG_WARN_STRICT_PROTOTYPES = YES;
				CLANG_WARN_SUSPICIOUS_MOVE = YES;
				CLANG_WARN_UNGUARDED_AVAILABILITY = YES_AGGRESSIVE;
				CLANG_WARN_UNREACHABLE_CODE = YES;
				CLANG_WARN__DUPLICATE_METHOD_MATCH = YES;
				CODE_SIGN_IDENTITY = "iPhone Developer";
				COPY_PHASE_STRIP = NO;
				DEBUG_INFORMATION_FORMAT = "dwarf-with-dsym";
				ENABLE_NS_ASSERTIONS = NO;
				ENABLE_STRICT_OBJC_MSGSEND = YES;
				GCC_C_LANGUAGE_STANDARD = gnu11;
				GCC_NO_COMMON_BLOCKS = YES;
				GCC_WARN_64_TO_32_BIT_CONVERSION = YES;
				GCC_WARN_ABOUT_RETURN_TYPE = YES_ERROR;
				GCC_WARN_UNDECLARED_SELECTOR = YES;
				GCC_WARN_UNINITIALIZED_AUTOS = YES_AGGRESSIVE;
				GCC_WARN_UNUSED_FUNCTION = YES;
				GCC_WARN_UNUSED_VARIABLE = YES;
				IPHONEOS_DEPLOYMENT_TARGET = 11.4;
				MTL_ENABLE_DEBUG_INFO = NO;
				SDKROOT = iphoneos;
				SWIFT_COMPILATION_MODE = wholemodule;
				SWIFT_OPTIMIZATION_LEVEL = "-O";
				VALIDATE_PRODUCT = YES;
			};
			name = Release;
		};
		4E56786020D2B4C60075FA9C /* Debug */ = {
			isa = XCBuildConfiguration;
			baseConfigurationReference = 666AD8520D3169C72A28EF09 /* Pods-Aces.debug.xcconfig */;
			buildSettings = {
				ASSETCATALOG_COMPILER_APPICON_NAME = AppIcon;
				CODE_SIGN_ENTITLEMENTS = Aces/Aces.entitlements;
				CODE_SIGN_IDENTITY = "iPhone Developer";
				CODE_SIGN_STYLE = Automatic;
				DEVELOPMENT_TEAM = 9Y69934FFE;
				INFOPLIST_FILE = Aces/Info.plist;
				LD_RUNPATH_SEARCH_PATHS = (
					"$(inherited)",
					"@executable_path/Frameworks",
				);
				PRODUCT_BUNDLE_IDENTIFIER = edu.augustana.aces;
				PRODUCT_NAME = "$(TARGET_NAME)";
				PROVISIONING_PROFILE_SPECIFIER = "";
				SWIFT_VERSION = 4.0;
				TARGETED_DEVICE_FAMILY = "1,2";
			};
			name = Debug;
		};
		4E56786120D2B4C60075FA9C /* Release */ = {
			isa = XCBuildConfiguration;
			baseConfigurationReference = DD85A79AC007CB933B13BFB7 /* Pods-Aces.release.xcconfig */;
			buildSettings = {
				ASSETCATALOG_COMPILER_APPICON_NAME = AppIcon;
				CODE_SIGN_ENTITLEMENTS = Aces/Aces.entitlements;
				CODE_SIGN_IDENTITY = "iPhone Developer";
				CODE_SIGN_STYLE = Automatic;
				DEVELOPMENT_TEAM = 9Y69934FFE;
				INFOPLIST_FILE = Aces/Info.plist;
				LD_RUNPATH_SEARCH_PATHS = (
					"$(inherited)",
					"@executable_path/Frameworks",
				);
				PRODUCT_BUNDLE_IDENTIFIER = edu.augustana.aces;
				PRODUCT_NAME = "$(TARGET_NAME)";
				PROVISIONING_PROFILE_SPECIFIER = "";
				SWIFT_VERSION = 4.0;
				TARGETED_DEVICE_FAMILY = "1,2";
			};
			name = Release;
		};
		4E56786320D2B4C60075FA9C /* Debug */ = {
			isa = XCBuildConfiguration;
			baseConfigurationReference = C48C914F5C19D7FED4889FAA /* Pods-AcesTests.debug.xcconfig */;
			buildSettings = {
				ALWAYS_EMBED_SWIFT_STANDARD_LIBRARIES = YES;
				BUNDLE_LOADER = "$(TEST_HOST)";
				CODE_SIGN_STYLE = Automatic;
				INFOPLIST_FILE = AcesTests/Info.plist;
				LD_RUNPATH_SEARCH_PATHS = (
					"$(inherited)",
					"@executable_path/Frameworks",
					"@loader_path/Frameworks",
				);
				PRODUCT_BUNDLE_IDENTIFIER = Augustana.AcesTests;
				PRODUCT_NAME = "$(TARGET_NAME)";
				SWIFT_VERSION = 4.0;
				TARGETED_DEVICE_FAMILY = "1,2";
				TEST_HOST = "$(BUILT_PRODUCTS_DIR)/Aces.app/Aces";
			};
			name = Debug;
		};
		4E56786420D2B4C60075FA9C /* Release */ = {
			isa = XCBuildConfiguration;
			baseConfigurationReference = 7703525BEC911AD2262AA9F7 /* Pods-AcesTests.release.xcconfig */;
			buildSettings = {
				ALWAYS_EMBED_SWIFT_STANDARD_LIBRARIES = YES;
				BUNDLE_LOADER = "$(TEST_HOST)";
				CODE_SIGN_STYLE = Automatic;
				INFOPLIST_FILE = AcesTests/Info.plist;
				LD_RUNPATH_SEARCH_PATHS = (
					"$(inherited)",
					"@executable_path/Frameworks",
					"@loader_path/Frameworks",
				);
				PRODUCT_BUNDLE_IDENTIFIER = Augustana.AcesTests;
				PRODUCT_NAME = "$(TARGET_NAME)";
				SWIFT_VERSION = 4.0;
				TARGETED_DEVICE_FAMILY = "1,2";
				TEST_HOST = "$(BUILT_PRODUCTS_DIR)/Aces.app/Aces";
			};
			name = Release;
		};
		4E56786620D2B4C60075FA9C /* Debug */ = {
			isa = XCBuildConfiguration;
			baseConfigurationReference = C39DEC1BEC764977A6DE4E86 /* Pods-AcesUITests.debug.xcconfig */;
			buildSettings = {
				ALWAYS_EMBED_SWIFT_STANDARD_LIBRARIES = YES;
				CODE_SIGN_STYLE = Automatic;
				INFOPLIST_FILE = AcesUITests/Info.plist;
				LD_RUNPATH_SEARCH_PATHS = (
					"$(inherited)",
					"@executable_path/Frameworks",
					"@loader_path/Frameworks",
				);
				PRODUCT_BUNDLE_IDENTIFIER = Augustana.AcesUITests;
				PRODUCT_NAME = "$(TARGET_NAME)";
				SWIFT_VERSION = 4.0;
				TARGETED_DEVICE_FAMILY = "1,2";
				TEST_TARGET_NAME = Aces;
			};
			name = Debug;
		};
		4E56786720D2B4C60075FA9C /* Release */ = {
			isa = XCBuildConfiguration;
			baseConfigurationReference = 6D4E060E3CFD0C928E1CD8D8 /* Pods-AcesUITests.release.xcconfig */;
			buildSettings = {
				ALWAYS_EMBED_SWIFT_STANDARD_LIBRARIES = YES;
				CODE_SIGN_STYLE = Automatic;
				INFOPLIST_FILE = AcesUITests/Info.plist;
				LD_RUNPATH_SEARCH_PATHS = (
					"$(inherited)",
					"@executable_path/Frameworks",
					"@loader_path/Frameworks",
				);
				PRODUCT_BUNDLE_IDENTIFIER = Augustana.AcesUITests;
				PRODUCT_NAME = "$(TARGET_NAME)";
				SWIFT_VERSION = 4.0;
				TARGETED_DEVICE_FAMILY = "1,2";
				TEST_TARGET_NAME = Aces;
			};
			name = Release;
		};
/* End XCBuildConfiguration section */

/* Begin XCConfigurationList section */
		4E56782F20D2B4C50075FA9C /* Build configuration list for PBXProject "Aces" */ = {
			isa = XCConfigurationList;
			buildConfigurations = (
				4E56785D20D2B4C60075FA9C /* Debug */,
				4E56785E20D2B4C60075FA9C /* Release */,
			);
			defaultConfigurationIsVisible = 0;
			defaultConfigurationName = Release;
		};
		4E56785F20D2B4C60075FA9C /* Build configuration list for PBXNativeTarget "Aces" */ = {
			isa = XCConfigurationList;
			buildConfigurations = (
				4E56786020D2B4C60075FA9C /* Debug */,
				4E56786120D2B4C60075FA9C /* Release */,
			);
			defaultConfigurationIsVisible = 0;
			defaultConfigurationName = Release;
		};
		4E56786220D2B4C60075FA9C /* Build configuration list for PBXNativeTarget "AcesTests" */ = {
			isa = XCConfigurationList;
			buildConfigurations = (
				4E56786320D2B4C60075FA9C /* Debug */,
				4E56786420D2B4C60075FA9C /* Release */,
			);
			defaultConfigurationIsVisible = 0;
			defaultConfigurationName = Release;
		};
		4E56786520D2B4C60075FA9C /* Build configuration list for PBXNativeTarget "AcesUITests" */ = {
			isa = XCConfigurationList;
			buildConfigurations = (
				4E56786620D2B4C60075FA9C /* Debug */,
				4E56786720D2B4C60075FA9C /* Release */,
			);
			defaultConfigurationIsVisible = 0;
			defaultConfigurationName = Release;
		};
/* End XCConfigurationList section */

/* Begin XCVersionGroup section */
		4E56783E20D2B4C50075FA9C /* Aces.xcdatamodeld */ = {
			isa = XCVersionGroup;
			children = (
				4E56783F20D2B4C50075FA9C /* Aces.xcdatamodel */,
			);
			currentVersion = 4E56783F20D2B4C50075FA9C /* Aces.xcdatamodel */;
			path = Aces.xcdatamodeld;
			sourceTree = "<group>";
			versionGroupType = wrapper.xcdatamodel;
		};
/* End XCVersionGroup section */
	};
	rootObject = 4E56782C20D2B4C50075FA9C /* Project object */;
}
